// !$*UTF8*$!
{
	archiveVersion = 1;
	classes = {
	};
	objectVersion = 77;
	objects = {

/* Begin PBXContainerItemProxy section */
		243D921F2D12457D003CA1F7 /* PBXContainerItemProxy */ = {
			isa = PBXContainerItemProxy;
			containerPortal = 243D92012D12457B003CA1F7 /* Project object */;
			proxyType = 1;
			remoteGlobalIDString = 243D92082D12457B003CA1F7;
			remoteInfo = PrayerBit;
		};
		243D92292D12457D003CA1F7 /* PBXContainerItemProxy */ = {
			isa = PBXContainerItemProxy;
			containerPortal = 243D92012D12457B003CA1F7 /* Project object */;
			proxyType = 1;
			remoteGlobalIDString = 243D92082D12457B003CA1F7;
			remoteInfo = PrayerBit;
		};
/* End PBXContainerItemProxy section */

/* Begin PBXFileReference section */
		243D92092D12457B003CA1F7 /* PrayerBit.app */ = {isa = PBXFileReference; explicitFileType = wrapper.application; includeInIndex = 0; path = PrayerBit.app; sourceTree = BUILT_PRODUCTS_DIR; };
		243D921E2D12457D003CA1F7 /* PrayerBitTests.xctest */ = {isa = PBXFileReference; explicitFileType = wrapper.cfbundle; includeInIndex = 0; path = PrayerBitTests.xctest; sourceTree = BUILT_PRODUCTS_DIR; };
		243D92282D12457D003CA1F7 /* PrayerBitUITests.xctest */ = {isa = PBXFileReference; explicitFileType = wrapper.cfbundle; includeInIndex = 0; path = PrayerBitUITests.xctest; sourceTree = BUILT_PRODUCTS_DIR; };
/* End PBXFileReference section */

/* Begin PBXFileSystemSynchronizedRootGroup section */
		243D920B2D12457B003CA1F7 /* PrayerBit */ = {
			isa = PBXFileSystemSynchronizedRootGroup;
			path = PrayerBit;
			sourceTree = "<group>";
		};
		243D92212D12457D003CA1F7 /* PrayerBitTests */ = {
			isa = PBXFileSystemSynchronizedRootGroup;
			path = PrayerBitTests;
			sourceTree = "<group>";
		};
		243D922B2D12457D003CA1F7 /* PrayerBitUITests */ = {
			isa = PBXFileSystemSynchronizedRootGroup;
			path = PrayerBitUITests;
			sourceTree = "<group>";
		};
/* End PBXFileSystemSynchronizedRootGroup section */

/* Begin PBXFrameworksBuildPhase section */
		243D92062D12457B003CA1F7 /* Frameworks */ = {
			isa = PBXFrameworksBuildPhase;
			buildActionMask = 2147483647;
			files = (
			);
			runOnlyForDeploymentPostprocessing = 0;
		};
		243D921B2D12457D003CA1F7 /* Frameworks */ = {
			isa = PBXFrameworksBuildPhase;
			buildActionMask = 2147483647;
			files = (
			);
			runOnlyForDeploymentPostprocessing = 0;
		};
		243D92252D12457D003CA1F7 /* Frameworks */ = {
			isa = PBXFrameworksBuildPhase;
			buildActionMask = 2147483647;
			files = (
			);
			runOnlyForDeploymentPostprocessing = 0;
		};
/* End PBXFrameworksBuildPhase section */

/* Begin PBXGroup section */
		243D92002D12457B003CA1F7 = {
			isa = PBXGroup;
			children = (
				243D920B2D12457B003CA1F7 /* PrayerBit */,
				243D92212D12457D003CA1F7 /* PrayerBitTests */,
				243D922B2D12457D003CA1F7 /* PrayerBitUITests */,
				243D920A2D12457B003CA1F7 /* Products */,
			);
			sourceTree = "<group>";
		};
		243D920A2D12457B003CA1F7 /* Products */ = {
			isa = PBXGroup;
			children = (
				243D92092D12457B003CA1F7 /* PrayerBit.app */,
				243D921E2D12457D003CA1F7 /* PrayerBitTests.xctest */,
				243D92282D12457D003CA1F7 /* PrayerBitUITests.xctest */,
			);
			name = Products;
			sourceTree = "<group>";
		};
/* End PBXGroup section */

/* Begin PBXNativeTarget section */
		243D92082D12457B003CA1F7 /* PrayerBit */ = {
			isa = PBXNativeTarget;
			buildConfigurationList = 243D92322D12457D003CA1F7 /* Build configuration list for PBXNativeTarget "PrayerBit" */;
			buildPhases = (
				243D92052D12457B003CA1F7 /* Sources */,
				243D92062D12457B003CA1F7 /* Frameworks */,
				243D92072D12457B003CA1F7 /* Resources */,
			);
			buildRules = (
			);
			dependencies = (
			);
			fileSystemSynchronizedGroups = (
				243D920B2D12457B003CA1F7 /* PrayerBit */,
			);
			name = PrayerBit;
			packageProductDependencies = (
			);
			productName = PrayerBit;
			productReference = 243D92092D12457B003CA1F7 /* PrayerBit.app */;
			productType = "com.apple.product-type.application";
		};
		243D921D2D12457D003CA1F7 /* PrayerBitTests */ = {
			isa = PBXNativeTarget;
			buildConfigurationList = 243D92352D12457D003CA1F7 /* Build configuration list for PBXNativeTarget "PrayerBitTests" */;
			buildPhases = (
				243D921A2D12457D003CA1F7 /* Sources */,
				243D921B2D12457D003CA1F7 /* Frameworks */,
				243D921C2D12457D003CA1F7 /* Resources */,
			);
			buildRules = (
			);
			dependencies = (
				243D92202D12457D003CA1F7 /* PBXTargetDependency */,
			);
			fileSystemSynchronizedGroups = (
				243D92212D12457D003CA1F7 /* PrayerBitTests */,
			);
			name = PrayerBitTests;
			packageProductDependencies = (
			);
			productName = PrayerBitTests;
			productReference = 243D921E2D12457D003CA1F7 /* PrayerBitTests.xctest */;
			productType = "com.apple.product-type.bundle.unit-test";
		};
		243D92272D12457D003CA1F7 /* PrayerBitUITests */ = {
			isa = PBXNativeTarget;
			buildConfigurationList = 243D92382D12457D003CA1F7 /* Build configuration list for PBXNativeTarget "PrayerBitUITests" */;
			buildPhases = (
				243D92242D12457D003CA1F7 /* Sources */,
				243D92252D12457D003CA1F7 /* Frameworks */,
				243D92262D12457D003CA1F7 /* Resources */,
			);
			buildRules = (
			);
			dependencies = (
				243D922A2D12457D003CA1F7 /* PBXTargetDependency */,
			);
			fileSystemSynchronizedGroups = (
				243D922B2D12457D003CA1F7 /* PrayerBitUITests */,
			);
			name = PrayerBitUITests;
			packageProductDependencies = (
			);
			productName = PrayerBitUITests;
			productReference = 243D92282D12457D003CA1F7 /* PrayerBitUITests.xctest */;
			productType = "com.apple.product-type.bundle.ui-testing";
		};
/* End PBXNativeTarget section */

/* Begin PBXProject section */
		243D92012D12457B003CA1F7 /* Project object */ = {
			isa = PBXProject;
			attributes = {
				BuildIndependentTargetsInParallel = 1;
				LastSwiftUpdateCheck = 1610;
				LastUpgradeCheck = 1610;
				TargetAttributes = {
					243D92082D12457B003CA1F7 = {
						CreatedOnToolsVersion = 16.1;
					};
					243D921D2D12457D003CA1F7 = {
						CreatedOnToolsVersion = 16.1;
						TestTargetID = 243D92082D12457B003CA1F7;
					};
					243D92272D12457D003CA1F7 = {
						CreatedOnToolsVersion = 16.1;
						TestTargetID = 243D92082D12457B003CA1F7;
					};
				};
			};
			buildConfigurationList = 243D92042D12457B003CA1F7 /* Build configuration list for PBXProject "PrayerBit" */;
			developmentRegion = en;
			hasScannedForEncodings = 0;
			knownRegions = (
				en,
				Base,
			);
			mainGroup = 243D92002D12457B003CA1F7;
			minimizedProjectReferenceProxies = 1;
			preferredProjectObjectVersion = 77;
			productRefGroup = 243D920A2D12457B003CA1F7 /* Products */;
			projectDirPath = "";
			projectRoot = "";
			targets = (
				243D92082D12457B003CA1F7 /* PrayerBit */,
				243D921D2D12457D003CA1F7 /* PrayerBitTests */,
				243D92272D12457D003CA1F7 /* PrayerBitUITests */,
			);
		};
/* End PBXProject section */

/* Begin PBXResourcesBuildPhase section */
		243D92072D12457B003CA1F7 /* Resources */ = {
			isa = PBXResourcesBuildPhase;
			buildActionMask = 2147483647;
			files = (
			);
			runOnlyForDeploymentPostprocessing = 0;
		};
		243D921C2D12457D003CA1F7 /* Resources */ = {
			isa = PBXResourcesBuildPhase;
			buildActionMask = 2147483647;
			files = (
			);
			runOnlyForDeploymentPostprocessing = 0;
		};
		243D92262D12457D003CA1F7 /* Resources */ = {
			isa = PBXResourcesBuildPhase;
			buildActionMask = 2147483647;
			files = (
			);
			runOnlyForDeploymentPostprocessing = 0;
		};
/* End PBXResourcesBuildPhase section */

/* Begin PBXSourcesBuildPhase section */
		243D92052D12457B003CA1F7 /* Sources */ = {
			isa = PBXSourcesBuildPhase;
			buildActionMask = 2147483647;
			files = (
			);
			runOnlyForDeploymentPostprocessing = 0;
		};
		243D921A2D12457D003CA1F7 /* Sources */ = {
			isa = PBXSourcesBuildPhase;
			buildActionMask = 2147483647;
			files = (
			);
			runOnlyForDeploymentPostprocessing = 0;
		};
		243D92242D12457D003CA1F7 /* Sources */ = {
			isa = PBXSourcesBuildPhase;
			buildActionMask = 2147483647;
			files = (
			);
			runOnlyForDeploymentPostprocessing = 0;
		};
/* End PBXSourcesBuildPhase section */

/* Begin PBXTargetDependency section */
		243D92202D12457D003CA1F7 /* PBXTargetDependency */ = {
			isa = PBXTargetDependency;
			target = 243D92082D12457B003CA1F7 /* PrayerBit */;
			targetProxy = 243D921F2D12457D003CA1F7 /* PBXContainerItemProxy */;
		};
		243D922A2D12457D003CA1F7 /* PBXTargetDependency */ = {
			isa = PBXTargetDependency;
			target = 243D92082D12457B003CA1F7 /* PrayerBit */;
			targetProxy = 243D92292D12457D003CA1F7 /* PBXContainerItemProxy */;
		};
/* End PBXTargetDependency section */

/* Begin XCBuildConfiguration section */
		243D92302D12457D003CA1F7 /* Debug */ = {
			isa = XCBuildConfiguration;
			buildSettings = {
				ALWAYS_SEARCH_USER_PATHS = NO;
				ASSETCATALOG_COMPILER_GENERATE_SWIFT_ASSET_SYMBOL_EXTENSIONS = YES;
				CLANG_ANALYZER_NONNULL = YES;
				CLANG_ANALYZER_NUMBER_OBJECT_CONVERSION = YES_AGGRESSIVE;
				CLANG_CXX_LANGUAGE_STANDARD = "gnu++20";
				CLANG_ENABLE_MODULES = YES;
				CLANG_ENABLE_OBJC_ARC = YES;
				CLANG_ENABLE_OBJC_WEAK = YES;
				CLANG_WARN_BLOCK_CAPTURE_AUTORELEASING = YES;
				CLANG_WARN_BOOL_CONVERSION = YES;
				CLANG_WARN_COMMA = YES;
				CLANG_WARN_CONSTANT_CONVERSION = YES;
				CLANG_WARN_DEPRECATED_OBJC_IMPLEMENTATIONS = YES;
				CLANG_WARN_DIRECT_OBJC_ISA_USAGE = YES_ERROR;
				CLANG_WARN_DOCUMENTATION_COMMENTS = YES;
				CLANG_WARN_EMPTY_BODY = YES;
				CLANG_WARN_ENUM_CONVERSION = YES;
				CLANG_WARN_INFINITE_RECURSION = YES;
				CLANG_WARN_INT_CONVERSION = YES;
				CLANG_WARN_NON_LITERAL_NULL_CONVERSION = YES;
				CLANG_WARN_OBJC_IMPLICIT_RETAIN_SELF = YES;
				CLANG_WARN_OBJC_LITERAL_CONVERSION = YES;
				CLANG_WARN_OBJC_ROOT_CLASS = YES_ERROR;
				CLANG_WARN_QUOTED_INCLUDE_IN_FRAMEWORK_HEADER = YES;
				CLANG_WARN_RANGE_LOOP_ANALYSIS = YES;
				CLANG_WARN_STRICT_PROTOTYPES = YES;
				CLANG_WARN_SUSPICIOUS_MOVE = YES;
				CLANG_WARN_UNGUARDED_AVAILABILITY = YES_AGGRESSIVE;
				CLANG_WARN_UNREACHABLE_CODE = YES;
				CLANG_WARN__DUPLICATE_METHOD_MATCH = YES;
				COPY_PHASE_STRIP = NO;
				DEBUG_INFORMATION_FORMAT = dwarf;
				ENABLE_STRICT_OBJC_MSGSEND = YES;
				ENABLE_TESTABILITY = YES;
				ENABLE_USER_SCRIPT_SANDBOXING = YES;
				GCC_C_LANGUAGE_STANDARD = gnu17;
				GCC_DYNAMIC_NO_PIC = NO;
				GCC_NO_COMMON_BLOCKS = YES;
				GCC_OPTIMIZATION_LEVEL = 0;
				GCC_PREPROCESSOR_DEFINITIONS = (
					"DEBUG=1",
					"$(inherited)",
				);
				GCC_WARN_64_TO_32_BIT_CONVERSION = YES;
				GCC_WARN_ABOUT_RETURN_TYPE = YES_ERROR;
				GCC_WARN_UNDECLARED_SELECTOR = YES;
				GCC_WARN_UNINITIALIZED_AUTOS = YES_AGGRESSIVE;
				GCC_WARN_UNUSED_FUNCTION = YES;
				GCC_WARN_UNUSED_VARIABLE = YES;
				IPHONEOS_DEPLOYMENT_TARGET = 18.1;
				LOCALIZATION_PREFERS_STRING_CATALOGS = YES;
				MTL_ENABLE_DEBUG_INFO = INCLUDE_SOURCE;
				MTL_FAST_MATH = YES;
				ONLY_ACTIVE_ARCH = YES;
				SDKROOT = iphoneos;
				SWIFT_ACTIVE_COMPILATION_CONDITIONS = "DEBUG $(inherited)";
				SWIFT_OPTIMIZATION_LEVEL = "-Onone";
			};
			name = Debug;
		};
		243D92312D12457D003CA1F7 /* Release */ = {
			isa = XCBuildConfiguration;
			buildSettings = {
				ALWAYS_SEARCH_USER_PATHS = NO;
				ASSETCATALOG_COMPILER_GENERATE_SWIFT_ASSET_SYMBOL_EXTENSIONS = YES;
				CLANG_ANALYZER_NONNULL = YES;
				CLANG_ANALYZER_NUMBER_OBJECT_CONVERSION = YES_AGGRESSIVE;
				CLANG_CXX_LANGUAGE_STANDARD = "gnu++20";
				CLANG_ENABLE_MODULES = YES;
				CLANG_ENABLE_OBJC_ARC = YES;
				CLANG_ENABLE_OBJC_WEAK = YES;
				CLANG_WARN_BLOCK_CAPTURE_AUTORELEASING = YES;
				CLANG_WARN_BOOL_CONVERSION = YES;
				CLANG_WARN_COMMA = YES;
				CLANG_WARN_CONSTANT_CONVERSION = YES;
				CLANG_WARN_DEPRECATED_OBJC_IMPLEMENTATIONS = YES;
				CLANG_WARN_DIRECT_OBJC_ISA_USAGE = YES_ERROR;
				CLANG_WARN_DOCUMENTATION_COMMENTS = YES;
				CLANG_WARN_EMPTY_BODY = YES;
				CLANG_WARN_ENUM_CONVERSION = YES;
				CLANG_WARN_INFINITE_RECURSION = YES;
				CLANG_WARN_INT_CONVERSION = YES;
				CLANG_WARN_NON_LITERAL_NULL_CONVERSION = YES;
				CLANG_WARN_OBJC_IMPLICIT_RETAIN_SELF = YES;
				CLANG_WARN_OBJC_LITERAL_CONVERSION = YES;
				CLANG_WARN_OBJC_ROOT_CLASS = YES_ERROR;
				CLANG_WARN_QUOTED_INCLUDE_IN_FRAMEWORK_HEADER = YES;
				CLANG_WARN_RANGE_LOOP_ANALYSIS = YES;
				CLANG_WARN_STRICT_PROTOTYPES = YES;
				CLANG_WARN_SUSPICIOUS_MOVE = YES;
				CLANG_WARN_UNGUARDED_AVAILABILITY = YES_AGGRESSIVE;
				CLANG_WARN_UNREACHABLE_CODE = YES;
				CLANG_WARN__DUPLICATE_METHOD_MATCH = YES;
				COPY_PHASE_STRIP = NO;
				DEBUG_INFORMATION_FORMAT = "dwarf-with-dsym";
				ENABLE_NS_ASSERTIONS = NO;
				ENABLE_STRICT_OBJC_MSGSEND = YES;
				ENABLE_USER_SCRIPT_SANDBOXING = YES;
				GCC_C_LANGUAGE_STANDARD = gnu17;
				GCC_NO_COMMON_BLOCKS = YES;
				GCC_WARN_64_TO_32_BIT_CONVERSION = YES;
				GCC_WARN_ABOUT_RETURN_TYPE = YES_ERROR;
				GCC_WARN_UNDECLARED_SELECTOR = YES;
				GCC_WARN_UNINITIALIZED_AUTOS = YES_AGGRESSIVE;
				GCC_WARN_UNUSED_FUNCTION = YES;
				GCC_WARN_UNUSED_VARIABLE = YES;
				IPHONEOS_DEPLOYMENT_TARGET = 18.1;
				LOCALIZATION_PREFERS_STRING_CATALOGS = YES;
				MTL_ENABLE_DEBUG_INFO = NO;
				MTL_FAST_MATH = YES;
				SDKROOT = iphoneos;
				SWIFT_COMPILATION_MODE = wholemodule;
				VALIDATE_PRODUCT = YES;
			};
			name = Release;
		};
		243D92332D12457D003CA1F7 /* Debug */ = {
			isa = XCBuildConfiguration;
			buildSettings = {
				ASSETCATALOG_COMPILER_APPICON_NAME = AppIcon;
				ASSETCATALOG_COMPILER_GLOBAL_ACCENT_COLOR_NAME = AccentColor;
				CODE_SIGN_STYLE = Automatic;
				CURRENT_PROJECT_VERSION = 1;
				DEVELOPMENT_ASSET_PATHS = "\"PrayerBit/Preview Content\"";
				DEVELOPMENT_TEAM = RV9B2282ZL;
				ENABLE_PREVIEWS = YES;
				GENERATE_INFOPLIST_FILE = YES;
				INFOPLIST_KEY_UIApplicationSceneManifest_Generation = YES;
				INFOPLIST_KEY_UIApplicationSupportsIndirectInputEvents = YES;
				INFOPLIST_KEY_UILaunchScreen_Generation = YES;
				INFOPLIST_KEY_UISupportedInterfaceOrientations_iPad = "UIInterfaceOrientationPortrait UIInterfaceOrientationPortraitUpsideDown UIInterfaceOrientationLandscapeLeft UIInterfaceOrientationLandscapeRight";
				INFOPLIST_KEY_UISupportedInterfaceOrientations_iPhone = "UIInterfaceOrientationPortrait UIInterfaceOrientationLandscapeLeft UIInterfaceOrientationLandscapeRight";
				LD_RUNPATH_SEARCH_PATHS = (
					"$(inherited)",
					"@executable_path/Frameworks",
				);
				MARKETING_VERSION = 1.0;
				PRODUCT_BUNDLE_IDENTIFIER = test.PrayerBit;
				PRODUCT_NAME = "$(TARGET_NAME)";
				SWIFT_EMIT_LOC_STRINGS = YES;
				SWIFT_VERSION = 5.0;
				TARGETED_DEVICE_FAMILY = "1,2";
			};
			name = Debug;
		};
		243D92342D12457D003CA1F7 /* Release */ = {
			isa = XCBuildConfiguration;
			buildSettings = {
				ASSETCATALOG_COMPILER_APPICON_NAME = AppIcon;
				ASSETCATALOG_COMPILER_GLOBAL_ACCENT_COLOR_NAME = AccentColor;
				CODE_SIGN_STYLE = Automatic;
				CURRENT_PROJECT_VERSION = 1;
				DEVELOPMENT_ASSET_PATHS = "\"PrayerBit/Preview Content\"";
				DEVELOPMENT_TEAM = RV9B2282ZL;
				ENABLE_PREVIEWS = YES;
				GENERATE_INFOPLIST_FILE = YES;
				INFOPLIST_KEY_UIApplicationSceneManifest_Generation = YES;
				INFOPLIST_KEY_UIApplicationSupportsIndirectInputEvents = YES;
				INFOPLIST_KEY_UILaunchScreen_Generation = YES;
				INFOPLIST_KEY_UISupportedInterfaceOrientations_iPad = "UIInterfaceOrientationPortrait UIInterfaceOrientationPortraitUpsideDown UIInterfaceOrientationLandscapeLeft UIInterfaceOrientationLandscapeRight";
				INFOPLIST_KEY_UISupportedInterfaceOrientations_iPhone = "UIInterfaceOrientationPortrait UIInterfaceOrientationLandscapeLeft UIInterfaceOrientationLandscapeRight";
				LD_RUNPATH_SEARCH_PATHS = (
					"$(inherited)",
					"@executable_path/Frameworks",
				);
				MARKETING_VERSION = 1.0;
				PRODUCT_BUNDLE_IDENTIFIER = test.PrayerBit;
				PRODUCT_NAME = "$(TARGET_NAME)";
				SWIFT_EMIT_LOC_STRINGS = YES;
				SWIFT_VERSION = 5.0;
				TARGETED_DEVICE_FAMILY = "1,2";
			};
			name = Release;
		};
		243D92362D12457D003CA1F7 /* Debug */ = {
			isa = XCBuildConfiguration;
			buildSettings = {
				BUNDLE_LOADER = "$(TEST_HOST)";
				CODE_SIGN_STYLE = Automatic;
				CURRENT_PROJECT_VERSION = 1;
				DEVELOPMENT_TEAM = RV9B2282ZL;
				GENERATE_INFOPLIST_FILE = YES;
				IPHONEOS_DEPLOYMENT_TARGET = 18.1;
				MARKETING_VERSION = 1.0;
				PRODUCT_BUNDLE_IDENTIFIER = test.PrayerBitTests;
				PRODUCT_NAME = "$(TARGET_NAME)";
				SWIFT_EMIT_LOC_STRINGS = NO;
				SWIFT_VERSION = 5.0;
				TARGETED_DEVICE_FAMILY = "1,2";
				TEST_HOST = "$(BUILT_PRODUCTS_DIR)/PrayerBit.app/$(BUNDLE_EXECUTABLE_FOLDER_PATH)/PrayerBit";
			};
			name = Debug;
		};
		243D92372D12457D003CA1F7 /* Release */ = {
			isa = XCBuildConfiguration;
			buildSettings = {
				BUNDLE_LOADER = "$(TEST_HOST)";
				CODE_SIGN_STYLE = Automatic;
				CURRENT_PROJECT_VERSION = 1;
				DEVELOPMENT_TEAM = RV9B2282ZL;
				GENERATE_INFOPLIST_FILE = YES;
				IPHONEOS_DEPLOYMENT_TARGET = 18.1;
				MARKETING_VERSION = 1.0;
				PRODUCT_BUNDLE_IDENTIFIER = test.PrayerBitTests;
				PRODUCT_NAME = "$(TARGET_NAME)";
				SWIFT_EMIT_LOC_STRINGS = NO;
				SWIFT_VERSION = 5.0;
				TARGETED_DEVICE_FAMILY = "1,2";
				TEST_HOST = "$(BUILT_PRODUCTS_DIR)/PrayerBit.app/$(BUNDLE_EXECUTABLE_FOLDER_PATH)/PrayerBit";
			};
			name = Release;
		};
		243D92392D12457D003CA1F7 /* Debug */ = {
			isa = XCBuildConfiguration;
			buildSettings = {
				CODE_SIGN_STYLE = Automatic;
				CURRENT_PROJECT_VERSION = 1;
				DEVELOPMENT_TEAM = RV9B2282ZL;
				GENERATE_INFOPLIST_FILE = YES;
				MARKETING_VERSION = 1.0;
				PRODUCT_BUNDLE_IDENTIFIER = test.PrayerBitUITests;
				PRODUCT_NAME = "$(TARGET_NAME)";
				SWIFT_EMIT_LOC_STRINGS = NO;
				SWIFT_VERSION = 5.0;
				TARGETED_DEVICE_FAMILY = "1,2";
				TEST_TARGET_NAME = PrayerBit;
			};
			name = Debug;
		};
		243D923A2D12457D003CA1F7 /* Release */ = {
			isa = XCBuildConfiguration;
			buildSettings = {
				CODE_SIGN_STYLE = Automatic;
				CURRENT_PROJECT_VERSION = 1;
				DEVELOPMENT_TEAM = RV9B2282ZL;
				GENERATE_INFOPLIST_FILE = YES;
				MARKETING_VERSION = 1.0;
				PRODUCT_BUNDLE_IDENTIFIER = test.PrayerBitUITests;
				PRODUCT_NAME = "$(TARGET_NAME)";
				SWIFT_EMIT_LOC_STRINGS = NO;
				SWIFT_VERSION = 5.0;
				TARGETED_DEVICE_FAMILY = "1,2";
				TEST_TARGET_NAME = PrayerBit;
			};
			name = Release;
		};
/* End XCBuildConfiguration section */

/* Begin XCConfigurationList section */
		243D92042D12457B003CA1F7 /* Build configuration list for PBXProject "PrayerBit" */ = {
			isa = XCConfigurationList;
			buildConfigurations = (
				243D92302D12457D003CA1F7 /* Debug */,
				243D92312D12457D003CA1F7 /* Release */,
			);
			defaultConfigurationIsVisible = 0;
			defaultConfigurationName = Release;
		};
		243D92322D12457D003CA1F7 /* Build configuration list for PBXNativeTarget "PrayerBit" */ = {
			isa = XCConfigurationList;
			buildConfigurations = (
				243D92332D12457D003CA1F7 /* Debug */,
				243D92342D12457D003CA1F7 /* Release */,
			);
			defaultConfigurationIsVisible = 0;
			defaultConfigurationName = Release;
		};
		243D92352D12457D003CA1F7 /* Build configuration list for PBXNativeTarget "PrayerBitTests" */ = {
			isa = XCConfigurationList;
			buildConfigurations = (
				243D92362D12457D003CA1F7 /* Debug */,
				243D92372D12457D003CA1F7 /* Release */,
			);
			defaultConfigurationIsVisible = 0;
			defaultConfigurationName = Release;
		};
		243D92382D12457D003CA1F7 /* Build configuration list for PBXNativeTarget "PrayerBitUITests" */ = {
			isa = XCConfigurationList;
			buildConfigurations = (
				243D92392D12457D003CA1F7 /* Debug */,
				243D923A2D12457D003CA1F7 /* Release */,
			);
			defaultConfigurationIsVisible = 0;
			defaultConfigurationName = Release;
		};
/* End XCConfigurationList section */
	};
	rootObject = 243D92012D12457B003CA1F7 /* Project object */;
}
