// !$*UTF8*$!
{
	archiveVersion = 1;
	classes = {
	};
	objectVersion = 77;
	objects = {

/* Begin PBXContainerItemProxy section */
		24A230662D1E4AB100082C77 /* PBXContainerItemProxy */ = {
			isa = PBXContainerItemProxy;
			containerPortal = 24A230482D1E4AB000082C77 /* Project object */;
			proxyType = 1;
			remoteGlobalIDString = 24A2304F2D1E4AB000082C77;
			remoteInfo = PrayerBit;
		};
		24A230702D1E4AB100082C77 /* PBXContainerItemProxy */ = {
			isa = PBXContainerItemProxy;
			containerPortal = 24A230482D1E4AB000082C77 /* Project object */;
			proxyType = 1;
			remoteGlobalIDString = 24A2304F2D1E4AB000082C77;
			remoteInfo = PrayerBit;
		};
/* End PBXContainerItemProxy section */

/* Begin PBXFileReference section */
		24A230502D1E4AB000082C77 /* PrayerBit.app */ = {isa = PBXFileReference; explicitFileType = wrapper.application; includeInIndex = 0; path = PrayerBit.app; sourceTree = BUILT_PRODUCTS_DIR; };
		24A230652D1E4AB100082C77 /* PrayerBitTests.xctest */ = {isa = PBXFileReference; explicitFileType = wrapper.cfbundle; includeInIndex = 0; path = PrayerBitTests.xctest; sourceTree = BUILT_PRODUCTS_DIR; };
		24A2306F2D1E4AB100082C77 /* PrayerBitUITests.xctest */ = {isa = PBXFileReference; explicitFileType = wrapper.cfbundle; includeInIndex = 0; path = PrayerBitUITests.xctest; sourceTree = BUILT_PRODUCTS_DIR; };
/* End PBXFileReference section */

/* Begin PBXFileSystemSynchronizedRootGroup section */
		24A230522D1E4AB000082C77 /* PrayerBit */ = {
			isa = PBXFileSystemSynchronizedRootGroup;
			path = PrayerBit;
			sourceTree = "<group>";
		};
		24A230682D1E4AB100082C77 /* PrayerBitTests */ = {
			isa = PBXFileSystemSynchronizedRootGroup;
			path = PrayerBitTests;
			sourceTree = "<group>";
		};
		24A230722D1E4AB100082C77 /* PrayerBitUITests */ = {
			isa = PBXFileSystemSynchronizedRootGroup;
			path = PrayerBitUITests;
			sourceTree = "<group>";
		};
/* End PBXFileSystemSynchronizedRootGroup section */

/* Begin PBXFrameworksBuildPhase section */
		24A2304D2D1E4AB000082C77 /* Frameworks */ = {
			isa = PBXFrameworksBuildPhase;
			buildActionMask = 2147483647;
			files = (
			);
			runOnlyForDeploymentPostprocessing = 0;
		};
		24A230622D1E4AB100082C77 /* Frameworks */ = {
			isa = PBXFrameworksBuildPhase;
			buildActionMask = 2147483647;
			files = (
			);
			runOnlyForDeploymentPostprocessing = 0;
		};
		24A2306C2D1E4AB100082C77 /* Frameworks */ = {
			isa = PBXFrameworksBuildPhase;
			buildActionMask = 2147483647;
			files = (
			);
			runOnlyForDeploymentPostprocessing = 0;
		};
/* End PBXFrameworksBuildPhase section */

/* Begin PBXGroup section */
		24A230472D1E4AB000082C77 = {
			isa = PBXGroup;
			children = (
				24A230522D1E4AB000082C77 /* PrayerBit */,
				24A230682D1E4AB100082C77 /* PrayerBitTests */,
				24A230722D1E4AB100082C77 /* PrayerBitUITests */,
				24A230512D1E4AB000082C77 /* Products */,
			);
			sourceTree = "<group>";
		};
		24A230512D1E4AB000082C77 /* Products */ = {
			isa = PBXGroup;
			children = (
				24A230502D1E4AB000082C77 /* PrayerBit.app */,
				24A230652D1E4AB100082C77 /* PrayerBitTests.xctest */,
				24A2306F2D1E4AB100082C77 /* PrayerBitUITests.xctest */,
			);
			name = Products;
			sourceTree = "<group>";
		};
/* End PBXGroup section */

/* Begin PBXNativeTarget section */
		24A2304F2D1E4AB000082C77 /* PrayerBit */ = {
			isa = PBXNativeTarget;
			buildConfigurationList = 24A230792D1E4AB100082C77 /* Build configuration list for PBXNativeTarget "PrayerBit" */;
			buildPhases = (
				24A2304C2D1E4AB000082C77 /* Sources */,
				24A2304D2D1E4AB000082C77 /* Frameworks */,
				24A2304E2D1E4AB000082C77 /* Resources */,
			);
			buildRules = (
			);
			dependencies = (
			);
			fileSystemSynchronizedGroups = (
				24A230522D1E4AB000082C77 /* PrayerBit */,
			);
			name = PrayerBit;
			packageProductDependencies = (
			);
			productName = PrayerBit;
			productReference = 24A230502D1E4AB000082C77 /* PrayerBit.app */;
			productType = "com.apple.product-type.application";
		};
		24A230642D1E4AB100082C77 /* PrayerBitTests */ = {
			isa = PBXNativeTarget;
			buildConfigurationList = 24A2307C2D1E4AB100082C77 /* Build configuration list for PBXNativeTarget "PrayerBitTests" */;
			buildPhases = (
				24A230612D1E4AB100082C77 /* Sources */,
				24A230622D1E4AB100082C77 /* Frameworks */,
				24A230632D1E4AB100082C77 /* Resources */,
			);
			buildRules = (
			);
			dependencies = (
				24A230672D1E4AB100082C77 /* PBXTargetDependency */,
			);
			fileSystemSynchronizedGroups = (
				24A230682D1E4AB100082C77 /* PrayerBitTests */,
			);
			name = PrayerBitTests;
			packageProductDependencies = (
			);
			productName = PrayerBitTests;
			productReference = 24A230652D1E4AB100082C77 /* PrayerBitTests.xctest */;
			productType = "com.apple.product-type.bundle.unit-test";
		};
		24A2306E2D1E4AB100082C77 /* PrayerBitUITests */ = {
			isa = PBXNativeTarget;
			buildConfigurationList = 24A2307F2D1E4AB100082C77 /* Build configuration list for PBXNativeTarget "PrayerBitUITests" */;
			buildPhases = (
				24A2306B2D1E4AB100082C77 /* Sources */,
				24A2306C2D1E4AB100082C77 /* Frameworks */,
				24A2306D2D1E4AB100082C77 /* Resources */,
			);
			buildRules = (
			);
			dependencies = (
				24A230712D1E4AB100082C77 /* PBXTargetDependency */,
			);
			fileSystemSynchronizedGroups = (
				24A230722D1E4AB100082C77 /* PrayerBitUITests */,
			);
			name = PrayerBitUITests;
			packageProductDependencies = (
			);
			productName = PrayerBitUITests;
			productReference = 24A2306F2D1E4AB100082C77 /* PrayerBitUITests.xctest */;
			productType = "com.apple.product-type.bundle.ui-testing";
		};
/* End PBXNativeTarget section */

/* Begin PBXProject section */
		24A230482D1E4AB000082C77 /* Project object */ = {
			isa = PBXProject;
			attributes = {
				BuildIndependentTargetsInParallel = 1;
				LastSwiftUpdateCheck = 1610;
				LastUpgradeCheck = 1610;
				TargetAttributes = {
					24A2304F2D1E4AB000082C77 = {
						CreatedOnToolsVersion = 16.1;
					};
					24A230642D1E4AB100082C77 = {
						CreatedOnToolsVersion = 16.1;
						TestTargetID = 24A2304F2D1E4AB000082C77;
					};
					24A2306E2D1E4AB100082C77 = {
						CreatedOnToolsVersion = 16.1;
						TestTargetID = 24A2304F2D1E4AB000082C77;
					};
				};
			};
			buildConfigurationList = 24A2304B2D1E4AB000082C77 /* Build configuration list for PBXProject "PrayerBit" */;
			developmentRegion = en;
			hasScannedForEncodings = 0;
			knownRegions = (
				en,
				Base,
			);
			mainGroup = 24A230472D1E4AB000082C77;
			minimizedProjectReferenceProxies = 1;
			preferredProjectObjectVersion = 77;
			productRefGroup = 24A230512D1E4AB000082C77 /* Products */;
			projectDirPath = "";
			projectRoot = "";
			targets = (
				24A2304F2D1E4AB000082C77 /* PrayerBit */,
				24A230642D1E4AB100082C77 /* PrayerBitTests */,
				24A2306E2D1E4AB100082C77 /* PrayerBitUITests */,
			);
		};
/* End PBXProject section */

/* Begin PBXResourcesBuildPhase section */
		24A2304E2D1E4AB000082C77 /* Resources */ = {
			isa = PBXResourcesBuildPhase;
			buildActionMask = 2147483647;
			files = (
			);
			runOnlyForDeploymentPostprocessing = 0;
		};
		24A230632D1E4AB100082C77 /* Resources */ = {
			isa = PBXResourcesBuildPhase;
			buildActionMask = 2147483647;
			files = (
			);
			runOnlyForDeploymentPostprocessing = 0;
		};
		24A2306D2D1E4AB100082C77 /* Resources */ = {
			isa = PBXResourcesBuildPhase;
			buildActionMask = 2147483647;
			files = (
			);
			runOnlyForDeploymentPostprocessing = 0;
		};
/* End PBXResourcesBuildPhase section */

/* Begin PBXSourcesBuildPhase section */
		24A2304C2D1E4AB000082C77 /* Sources */ = {
			isa = PBXSourcesBuildPhase;
			buildActionMask = 2147483647;
			files = (
			);
			runOnlyForDeploymentPostprocessing = 0;
		};
		24A230612D1E4AB100082C77 /* Sources */ = {
			isa = PBXSourcesBuildPhase;
			buildActionMask = 2147483647;
			files = (
			);
			runOnlyForDeploymentPostprocessing = 0;
		};
		24A2306B2D1E4AB100082C77 /* Sources */ = {
			isa = PBXSourcesBuildPhase;
			buildActionMask = 2147483647;
			files = (
			);
			runOnlyForDeploymentPostprocessing = 0;
		};
/* End PBXSourcesBuildPhase section */

/* Begin PBXTargetDependency section */
		24A230672D1E4AB100082C77 /* PBXTargetDependency */ = {
			isa = PBXTargetDependency;
			target = 24A2304F2D1E4AB000082C77 /* PrayerBit */;
			targetProxy = 24A230662D1E4AB100082C77 /* PBXContainerItemProxy */;
		};
		24A230712D1E4AB100082C77 /* PBXTargetDependency */ = {
			isa = PBXTargetDependency;
			target = 24A2304F2D1E4AB000082C77 /* PrayerBit */;
			targetProxy = 24A230702D1E4AB100082C77 /* PBXContainerItemProxy */;
		};
/* End PBXTargetDependency section */

/* Begin XCBuildConfiguration section */
		24A230772D1E4AB100082C77 /* Debug */ = {
			isa = XCBuildConfiguration;
			buildSettings = {
				ALWAYS_SEARCH_USER_PATHS = NO;
				ASSETCATALOG_COMPILER_GENERATE_SWIFT_ASSET_SYMBOL_EXTENSIONS = YES;
				CLANG_ANALYZER_NONNULL = YES;
				CLANG_ANALYZER_NUMBER_OBJECT_CONVERSION = YES_AGGRESSIVE;
				CLANG_CXX_LANGUAGE_STANDARD = "gnu++20";
				CLANG_ENABLE_MODULES = YES;
				CLANG_ENABLE_OBJC_ARC = YES;
				CLANG_ENABLE_OBJC_WEAK = YES;
				CLANG_WARN_BLOCK_CAPTURE_AUTORELEASING = YES;
				CLANG_WARN_BOOL_CONVERSION = YES;
				CLANG_WARN_COMMA = YES;
				CLANG_WARN_CONSTANT_CONVERSION = YES;
				CLANG_WARN_DEPRECATED_OBJC_IMPLEMENTATIONS = YES;
				CLANG_WARN_DIRECT_OBJC_ISA_USAGE = YES_ERROR;
				CLANG_WARN_DOCUMENTATION_COMMENTS = YES;
				CLANG_WARN_EMPTY_BODY = YES;
				CLANG_WARN_ENUM_CONVERSION = YES;
				CLANG_WARN_INFINITE_RECURSION = YES;
				CLANG_WARN_INT_CONVERSION = YES;
				CLANG_WARN_NON_LITERAL_NULL_CONVERSION = YES;
				CLANG_WARN_OBJC_IMPLICIT_RETAIN_SELF = YES;
				CLANG_WARN_OBJC_LITERAL_CONVERSION = YES;
				CLANG_WARN_OBJC_ROOT_CLASS = YES_ERROR;
				CLANG_WARN_QUOTED_INCLUDE_IN_FRAMEWORK_HEADER = YES;
				CLANG_WARN_RANGE_LOOP_ANALYSIS = YES;
				CLANG_WARN_STRICT_PROTOTYPES = YES;
				CLANG_WARN_SUSPICIOUS_MOVE = YES;
				CLANG_WARN_UNGUARDED_AVAILABILITY = YES_AGGRESSIVE;
				CLANG_WARN_UNREACHABLE_CODE = YES;
				CLANG_WARN__DUPLICATE_METHOD_MATCH = YES;
				COPY_PHASE_STRIP = NO;
				DEBUG_INFORMATION_FORMAT = dwarf;
				ENABLE_STRICT_OBJC_MSGSEND = YES;
				ENABLE_TESTABILITY = YES;
				ENABLE_USER_SCRIPT_SANDBOXING = YES;
				GCC_C_LANGUAGE_STANDARD = gnu17;
				GCC_DYNAMIC_NO_PIC = NO;
				GCC_NO_COMMON_BLOCKS = YES;
				GCC_OPTIMIZATION_LEVEL = 0;
				GCC_PREPROCESSOR_DEFINITIONS = (
					"DEBUG=1",
					"$(inherited)",
				);
				GCC_WARN_64_TO_32_BIT_CONVERSION = YES;
				GCC_WARN_ABOUT_RETURN_TYPE = YES_ERROR;
				GCC_WARN_UNDECLARED_SELECTOR = YES;
				GCC_WARN_UNINITIALIZED_AUTOS = YES_AGGRESSIVE;
				GCC_WARN_UNUSED_FUNCTION = YES;
				GCC_WARN_UNUSED_VARIABLE = YES;
				IPHONEOS_DEPLOYMENT_TARGET = 18.1;
				LOCALIZATION_PREFERS_STRING_CATALOGS = YES;
				MTL_ENABLE_DEBUG_INFO = INCLUDE_SOURCE;
				MTL_FAST_MATH = YES;
				ONLY_ACTIVE_ARCH = YES;
				SDKROOT = iphoneos;
				SWIFT_ACTIVE_COMPILATION_CONDITIONS = "DEBUG $(inherited)";
				SWIFT_OPTIMIZATION_LEVEL = "-Onone";
			};
			name = Debug;
		};
		24A230782D1E4AB100082C77 /* Release */ = {
			isa = XCBuildConfiguration;
			buildSettings = {
				ALWAYS_SEARCH_USER_PATHS = NO;
				ASSETCATALOG_COMPILER_GENERATE_SWIFT_ASSET_SYMBOL_EXTENSIONS = YES;
				CLANG_ANALYZER_NONNULL = YES;
				CLANG_ANALYZER_NUMBER_OBJECT_CONVERSION = YES_AGGRESSIVE;
				CLANG_CXX_LANGUAGE_STANDARD = "gnu++20";
				CLANG_ENABLE_MODULES = YES;
				CLANG_ENABLE_OBJC_ARC = YES;
				CLANG_ENABLE_OBJC_WEAK = YES;
				CLANG_WARN_BLOCK_CAPTURE_AUTORELEASING = YES;
				CLANG_WARN_BOOL_CONVERSION = YES;
				CLANG_WARN_COMMA = YES;
				CLANG_WARN_CONSTANT_CONVERSION = YES;
				CLANG_WARN_DEPRECATED_OBJC_IMPLEMENTATIONS = YES;
				CLANG_WARN_DIRECT_OBJC_ISA_USAGE = YES_ERROR;
				CLANG_WARN_DOCUMENTATION_COMMENTS = YES;
				CLANG_WARN_EMPTY_BODY = YES;
				CLANG_WARN_ENUM_CONVERSION = YES;
				CLANG_WARN_INFINITE_RECURSION = YES;
				CLANG_WARN_INT_CONVERSION = YES;
				CLANG_WARN_NON_LITERAL_NULL_CONVERSION = YES;
				CLANG_WARN_OBJC_IMPLICIT_RETAIN_SELF = YES;
				CLANG_WARN_OBJC_LITERAL_CONVERSION = YES;
				CLANG_WARN_OBJC_ROOT_CLASS = YES_ERROR;
				CLANG_WARN_QUOTED_INCLUDE_IN_FRAMEWORK_HEADER = YES;
				CLANG_WARN_RANGE_LOOP_ANALYSIS = YES;
				CLANG_WARN_STRICT_PROTOTYPES = YES;
				CLANG_WARN_SUSPICIOUS_MOVE = YES;
				CLANG_WARN_UNGUARDED_AVAILABILITY = YES_AGGRESSIVE;
				CLANG_WARN_UNREACHABLE_CODE = YES;
				CLANG_WARN__DUPLICATE_METHOD_MATCH = YES;
				COPY_PHASE_STRIP = NO;
				DEBUG_INFORMATION_FORMAT = "dwarf-with-dsym";
				ENABLE_NS_ASSERTIONS = NO;
				ENABLE_STRICT_OBJC_MSGSEND = YES;
				ENABLE_USER_SCRIPT_SANDBOXING = YES;
				GCC_C_LANGUAGE_STANDARD = gnu17;
				GCC_NO_COMMON_BLOCKS = YES;
				GCC_WARN_64_TO_32_BIT_CONVERSION = YES;
				GCC_WARN_ABOUT_RETURN_TYPE = YES_ERROR;
				GCC_WARN_UNDECLARED_SELECTOR = YES;
				GCC_WARN_UNINITIALIZED_AUTOS = YES_AGGRESSIVE;
				GCC_WARN_UNUSED_FUNCTION = YES;
				GCC_WARN_UNUSED_VARIABLE = YES;
				IPHONEOS_DEPLOYMENT_TARGET = 18.1;
				LOCALIZATION_PREFERS_STRING_CATALOGS = YES;
				MTL_ENABLE_DEBUG_INFO = NO;
				MTL_FAST_MATH = YES;
				SDKROOT = iphoneos;
				SWIFT_COMPILATION_MODE = wholemodule;
				VALIDATE_PRODUCT = YES;
			};
			name = Release;
		};
		24A2307A2D1E4AB100082C77 /* Debug */ = {
			isa = XCBuildConfiguration;
			buildSettings = {
				ASSETCATALOG_COMPILER_APPICON_NAME = AppIcon;
				ASSETCATALOG_COMPILER_GLOBAL_ACCENT_COLOR_NAME = AccentColor;
				CODE_SIGN_STYLE = Automatic;
				CURRENT_PROJECT_VERSION = 1;
				DEVELOPMENT_ASSET_PATHS = "\"PrayerBit/Preview Content\"";
				DEVELOPMENT_TEAM = RV9B2282ZL;
				ENABLE_PREVIEWS = YES;
				GENERATE_INFOPLIST_FILE = YES;
				INFOPLIST_KEY_UIApplicationSceneManifest_Generation = YES;
				INFOPLIST_KEY_UIApplicationSupportsIndirectInputEvents = YES;
				INFOPLIST_KEY_UILaunchScreen_Generation = YES;
				INFOPLIST_KEY_UISupportedInterfaceOrientations_iPad = "UIInterfaceOrientationPortrait UIInterfaceOrientationPortraitUpsideDown UIInterfaceOrientationLandscapeLeft UIInterfaceOrientationLandscapeRight";
				INFOPLIST_KEY_UISupportedInterfaceOrientations_iPhone = "UIInterfaceOrientationPortrait UIInterfaceOrientationLandscapeLeft UIInterfaceOrientationLandscapeRight";
				LD_RUNPATH_SEARCH_PATHS = (
					"$(inherited)",
					"@executable_path/Frameworks",
				);
				MARKETING_VERSION = 1.0;
				PRODUCT_BUNDLE_IDENTIFIER = test12123.PrayerBit;
				PRODUCT_NAME = "$(TARGET_NAME)";
				SWIFT_EMIT_LOC_STRINGS = YES;
				SWIFT_VERSION = 5.0;
				TARGETED_DEVICE_FAMILY = "1,2";
			};
			name = Debug;
		};
		24A2307B2D1E4AB100082C77 /* Release */ = {
			isa = XCBuildConfiguration;
			buildSettings = {
				ASSETCATALOG_COMPILER_APPICON_NAME = AppIcon;
				ASSETCATALOG_COMPILER_GLOBAL_ACCENT_COLOR_NAME = AccentColor;
				CODE_SIGN_STYLE = Automatic;
				CURRENT_PROJECT_VERSION = 1;
				DEVELOPMENT_ASSET_PATHS = "\"PrayerBit/Preview Content\"";
				DEVELOPMENT_TEAM = RV9B2282ZL;
				ENABLE_PREVIEWS = YES;
				GENERATE_INFOPLIST_FILE = YES;
				INFOPLIST_KEY_UIApplicationSceneManifest_Generation = YES;
				INFOPLIST_KEY_UIApplicationSupportsIndirectInputEvents = YES;
				INFOPLIST_KEY_UILaunchScreen_Generation = YES;
				INFOPLIST_KEY_UISupportedInterfaceOrientations_iPad = "UIInterfaceOrientationPortrait UIInterfaceOrientationPortraitUpsideDown UIInterfaceOrientationLandscapeLeft UIInterfaceOrientationLandscapeRight";
				INFOPLIST_KEY_UISupportedInterfaceOrientations_iPhone = "UIInterfaceOrientationPortrait UIInterfaceOrientationLandscapeLeft UIInterfaceOrientationLandscapeRight";
				LD_RUNPATH_SEARCH_PATHS = (
					"$(inherited)",
					"@executable_path/Frameworks",
				);
				MARKETING_VERSION = 1.0;
				PRODUCT_BUNDLE_IDENTIFIER = test12123.PrayerBit;
				PRODUCT_NAME = "$(TARGET_NAME)";
				SWIFT_EMIT_LOC_STRINGS = YES;
				SWIFT_VERSION = 5.0;
				TARGETED_DEVICE_FAMILY = "1,2";
			};
			name = Release;
		};
		24A2307D2D1E4AB100082C77 /* Debug */ = {
			isa = XCBuildConfiguration;
			buildSettings = {
				BUNDLE_LOADER = "$(TEST_HOST)";
				CODE_SIGN_STYLE = Automatic;
				CURRENT_PROJECT_VERSION = 1;
				DEVELOPMENT_TEAM = RV9B2282ZL;
				GENERATE_INFOPLIST_FILE = YES;
				IPHONEOS_DEPLOYMENT_TARGET = 18.1;
				MARKETING_VERSION = 1.0;
				PRODUCT_BUNDLE_IDENTIFIER = test12123.PrayerBitTests;
				PRODUCT_NAME = "$(TARGET_NAME)";
				SWIFT_EMIT_LOC_STRINGS = NO;
				SWIFT_VERSION = 5.0;
				TARGETED_DEVICE_FAMILY = "1,2";
				TEST_HOST = "$(BUILT_PRODUCTS_DIR)/PrayerBit.app/$(BUNDLE_EXECUTABLE_FOLDER_PATH)/PrayerBit";
			};
			name = Debug;
		};
		24A2307E2D1E4AB100082C77 /* Release */ = {
			isa = XCBuildConfiguration;
			buildSettings = {
				BUNDLE_LOADER = "$(TEST_HOST)";
				CODE_SIGN_STYLE = Automatic;
				CURRENT_PROJECT_VERSION = 1;
				DEVELOPMENT_TEAM = RV9B2282ZL;
				GENERATE_INFOPLIST_FILE = YES;
				IPHONEOS_DEPLOYMENT_TARGET = 18.1;
				MARKETING_VERSION = 1.0;
				PRODUCT_BUNDLE_IDENTIFIER = test12123.PrayerBitTests;
				PRODUCT_NAME = "$(TARGET_NAME)";
				SWIFT_EMIT_LOC_STRINGS = NO;
				SWIFT_VERSION = 5.0;
				TARGETED_DEVICE_FAMILY = "1,2";
				TEST_HOST = "$(BUILT_PRODUCTS_DIR)/PrayerBit.app/$(BUNDLE_EXECUTABLE_FOLDER_PATH)/PrayerBit";
			};
			name = Release;
		};
		24A230802D1E4AB100082C77 /* Debug */ = {
			isa = XCBuildConfiguration;
			buildSettings = {
				CODE_SIGN_STYLE = Automatic;
				CURRENT_PROJECT_VERSION = 1;
				DEVELOPMENT_TEAM = RV9B2282ZL;
				GENERATE_INFOPLIST_FILE = YES;
				MARKETING_VERSION = 1.0;
				PRODUCT_BUNDLE_IDENTIFIER = test12123.PrayerBitUITests;
				PRODUCT_NAME = "$(TARGET_NAME)";
				SWIFT_EMIT_LOC_STRINGS = NO;
				SWIFT_VERSION = 5.0;
				TARGETED_DEVICE_FAMILY = "1,2";
				TEST_TARGET_NAME = PrayerBit;
			};
			name = Debug;
		};
		24A230812D1E4AB100082C77 /* Release */ = {
			isa = XCBuildConfiguration;
			buildSettings = {
				CODE_SIGN_STYLE = Automatic;
				CURRENT_PROJECT_VERSION = 1;
				DEVELOPMENT_TEAM = RV9B2282ZL;
				GENERATE_INFOPLIST_FILE = YES;
				MARKETING_VERSION = 1.0;
				PRODUCT_BUNDLE_IDENTIFIER = test12123.PrayerBitUITests;
				PRODUCT_NAME = "$(TARGET_NAME)";
				SWIFT_EMIT_LOC_STRINGS = NO;
				SWIFT_VERSION = 5.0;
				TARGETED_DEVICE_FAMILY = "1,2";
				TEST_TARGET_NAME = PrayerBit;
			};
			name = Release;
		};
/* End XCBuildConfiguration section */

/* Begin XCConfigurationList section */
		24A2304B2D1E4AB000082C77 /* Build configuration list for PBXProject "PrayerBit" */ = {
			isa = XCConfigurationList;
			buildConfigurations = (
				24A230772D1E4AB100082C77 /* Debug */,
				24A230782D1E4AB100082C77 /* Release */,
			);
			defaultConfigurationIsVisible = 0;
			defaultConfigurationName = Release;
		};
		24A230792D1E4AB100082C77 /* Build configuration list for PBXNativeTarget "PrayerBit" */ = {
			isa = XCConfigurationList;
			buildConfigurations = (
				24A2307A2D1E4AB100082C77 /* Debug */,
				24A2307B2D1E4AB100082C77 /* Release */,
			);
			defaultConfigurationIsVisible = 0;
			defaultConfigurationName = Release;
		};
		24A2307C2D1E4AB100082C77 /* Build configuration list for PBXNativeTarget "PrayerBitTests" */ = {
			isa = XCConfigurationList;
			buildConfigurations = (
				24A2307D2D1E4AB100082C77 /* Debug */,
				24A2307E2D1E4AB100082C77 /* Release */,
			);
			defaultConfigurationIsVisible = 0;
			defaultConfigurationName = Release;
		};
		24A2307F2D1E4AB100082C77 /* Build configuration list for PBXNativeTarget "PrayerBitUITests" */ = {
			isa = XCConfigurationList;
			buildConfigurations = (
				24A230802D1E4AB100082C77 /* Debug */,
				24A230812D1E4AB100082C77 /* Release */,
			);
			defaultConfigurationIsVisible = 0;
			defaultConfigurationName = Release;
		};
/* End XCConfigurationList section */
	};
	rootObject = 24A230482D1E4AB000082C77 /* Project object */;
}
